
Microsoft Visual Studio Solution File, Format Version 12.00
# Visual Studio 14
VisualStudioVersion = 14.0.25420.1
MinimumVisualStudioVersion = 10.0.40219.1
Project("{FAE04EC0-301F-11D3-BF4B-00C04F79EFBC}") = "FirstSQLConnectionProject", "FirstSQLConnectionProject\FirstSQLConnectionProject.csproj", "{89F1349B-3684-40E5-953B-62E64300D19D}"
EndProject
Project("{FAE04EC0-301F-11D3-BF4B-00C04F79EFBC}") = "PrsLibrary", "PrsLibrary\PrsLibrary.csproj", "{8E471573-AFCC-4005-BEA8-526564054AF5}"
EndProject
Global
	GlobalSection(SolutionConfigurationPlatforms) = preSolution
		Debug|Any CPU = Debug|Any CPU
		Release|Any CPU = Release|Any CPU
	EndGlobalSection
	GlobalSection(ProjectConfigurationPlatforms) = postSolution
		{89F1349B-3684-40E5-953B-62E64300D19D}.Debug|Any CPU.ActiveCfg = Debug|Any CPU
		{89F1349B-3684-40E5-953B-62E64300D19D}.Debug|Any CPU.Build.0 = Debug|Any CPU
		{89F1349B-3684-40E5-953B-62E64300D19D}.Release|Any CPU.ActiveCfg = Release|Any CPU
		{89F1349B-3684-40E5-953B-62E64300D19D}.Release|Any CPU.Build.0 = Release|Any CPU
		{8E471573-AFCC-4005-BEA8-526564054AF5}.Debug|Any CPU.ActiveCfg = Debug|Any CPU
		{8E471573-AFCC-4005-BEA8-526564054AF5}.Debug|Any CPU.Build.0 = Debug|Any CPU
		{8E471573-AFCC-4005-BEA8-526564054AF5}.Release|Any CPU.ActiveCfg = Release|Any CPU
		{8E471573-AFCC-4005-BEA8-526564054AF5}.Release|Any CPU.Build.0 = Release|Any CPU
	EndGlobalSection
	GlobalSection(SolutionProperties) = preSolution
		HideSolutionNode = FALSE
	EndGlobalSection
EndGlobal
